("quicklisp" .
 (:class qlot/source/dist:source-dist
  :initargs (:distribution "https://beta.quicklisp.org/dist/quicklisp.txt" :%version :latest)
  :version "2023-10-21"))
("shirakumo" .
 (:class qlot/source/dist:source-dist
  :initargs (:distribution "https://dist.shirakumo.org/shirakumo.txt" :%version :latest)
  :version "2024.08.23-09.22.48"))
("trial" .
 (:class qlot/source/local:source-local
  :initargs (:path "/home/colin/code/common-lisp/trial")))
("transducers" .
 (:class qlot/source/git:source-git
  :initargs (:remote-url "https://codeberg.org/fosskers/cl-transducers.git")
  :version "git-c846a1547a28f43a055869e089ec1eede6b1d22a"))
("fset" .
 (:class qlot/source/git:source-git
  :initargs (:remote-url "https://gitlab.common-lisp.net/fset/fset.git")
  :version "git-d590b19b9777424f9f0d06196bf8e5c9e61ca2b4"))
("misc-extensions" .
 (:class qlot/source/git:source-git
  :initargs (:remote-url "https://gitlab.common-lisp.net/misc-extensions/misc-extensions.git")
  :version "git-57f2d235f0137b6074de75d6eefed13cf2637ad4"))
("harmony" .
 (:class qlot/source/github:source-github
  :initargs (:repos "Shirakumo/harmony" :ref "e9ac76b81954ae20f01720b8156a772058568122" :branch nil :tag nil)
  :version "github-e9ac76b81954ae20f01720b8156a772058568122"))
("pathname-utils" .
 (:class qlot/source/github:source-github
  :initargs (:repos "Shinmera/pathname-utils" :ref "eb77605d7aa9bc540b3f9dbb9201002e90733c1d" :branch nil :tag nil)
  :version "github-eb77605d7aa9bc540b3f9dbb9201002e90733c1d"))
("open-with" .
 (:class qlot/source/github:source-github
  :initargs (:repos "Shinmera/open-with" :ref "053c8ddf1579805659fe208987bcd44bc08df3c9" :branch nil :tag nil)
  :version "github-053c8ddf1579805659fe208987bcd44bc08df3c9"))
